
Microsoft Visual Studio Solution File, Format Version 12.00
# Visual Studio Version 16
VisualStudioVersion = 16.0.31515.178
MinimumVisualStudioVersion = 10.0.40219.1
Project("{FAE04EC0-301F-11D3-BF4B-00C04F79EFBC}") = "Triple DES Encryption", "Triple DES Encryption\Triple DES Encryption.csproj", "{2C5D074D-E224-4F38-8852-E7B8533A572D}"
EndProject
Global
	GlobalSection(SolutionConfigurationPlatforms) = preSolution
		Debug|Any CPU = Debug|Any CPU
		Release|Any CPU = Release|Any CPU
	EndGlobalSection
	GlobalSection(ProjectConfigurationPlatforms) = postSolution
		{2C5D074D-E224-4F38-8852-E7B8533A572D}.Debug|Any CPU.ActiveCfg = Debug|Any CPU
		{2C5D074D-E224-4F38-8852-E7B8533A572D}.Debug|Any CPU.Build.0 = Debug|Any CPU
		{2C5D074D-E224-4F38-8852-E7B8533A572D}.Release|Any CPU.ActiveCfg = Release|Any CPU
		{2C5D074D-E224-4F38-8852-E7B8533A572D}.Release|Any CPU.Build.0 = Release|Any CPU
	EndGlobalSection
	GlobalSection(SolutionProperties) = preSolution
		HideSolutionNode = FALSE
	EndGlobalSection
	GlobalSection(ExtensibilityGlobals) = postSolution
		SolutionGuid = {51142755-8C71-4161-87F2-639095A5CA5A}
	EndGlobalSection
EndGlobal
